
Microsoft Visual Studio Solution File, Format Version 12.00
# Visual Studio Version 16
VisualStudioVersion = 16.0.28729.10
MinimumVisualStudioVersion = 10.0.40219.1
Project("{9A19103F-16F7-4668-BE54-9A1E7A4F7556}") = "SCore.WebAPI", "SCore.WebAPI\SCore.WebAPI.csproj", "{D3EEF2AF-0AD6-4D7C-9350-C99FF66742A0}"
	ProjectSection(ProjectDependencies) = postProject
		{EB444467-C4C7-4213-B3D3-9A6F28EE3427} = {EB444467-C4C7-4213-B3D3-9A6F28EE3427}
		{974E55AB-E034-416D-B8D5-F84373DDC013} = {974E55AB-E034-416D-B8D5-F84373DDC013}
	EndProjectSection
EndProject
Project("{FAE04EC0-301F-11D3-BF4B-00C04F79EFBC}") = "SCore.BLL", "BLL\SCore.BLL.csproj", "{EB444467-C4C7-4213-B3D3-9A6F28EE3427}"
	ProjectSection(ProjectDependencies) = postProject
		{9AF6EC05-A326-4C98-9F3B-54CE6BDD9E0D} = {9AF6EC05-A326-4C98-9F3B-54CE6BDD9E0D}
		{974E55AB-E034-416D-B8D5-F84373DDC013} = {974E55AB-E034-416D-B8D5-F84373DDC013}
	EndProjectSection
EndProject
Project("{FAE04EC0-301F-11D3-BF4B-00C04F79EFBC}") = "SCore.Models", "Models\SCore.Models.csproj", "{974E55AB-E034-416D-B8D5-F84373DDC013}"
EndProject
Project("{FAE04EC0-301F-11D3-BF4B-00C04F79EFBC}") = "SCore.DAL", "DAL\SCore.DAL.csproj", "{9AF6EC05-A326-4C98-9F3B-54CE6BDD9E0D}"
	ProjectSection(ProjectDependencies) = postProject
		{974E55AB-E034-416D-B8D5-F84373DDC013} = {974E55AB-E034-416D-B8D5-F84373DDC013}
	EndProjectSection
EndProject
Global
	GlobalSection(SolutionConfigurationPlatforms) = preSolution
		Debug|Any CPU = Debug|Any CPU
		Release|Any CPU = Release|Any CPU
	EndGlobalSection
	GlobalSection(ProjectConfigurationPlatforms) = postSolution
		{D3EEF2AF-0AD6-4D7C-9350-C99FF66742A0}.Debug|Any CPU.ActiveCfg = Debug|Any CPU
		{D3EEF2AF-0AD6-4D7C-9350-C99FF66742A0}.Debug|Any CPU.Build.0 = Debug|Any CPU
		{D3EEF2AF-0AD6-4D7C-9350-C99FF66742A0}.Release|Any CPU.ActiveCfg = Release|Any CPU
		{D3EEF2AF-0AD6-4D7C-9350-C99FF66742A0}.Release|Any CPU.Build.0 = Release|Any CPU
		{EB444467-C4C7-4213-B3D3-9A6F28EE3427}.Debug|Any CPU.ActiveCfg = Debug|Any CPU
		{EB444467-C4C7-4213-B3D3-9A6F28EE3427}.Debug|Any CPU.Build.0 = Debug|Any CPU
		{EB444467-C4C7-4213-B3D3-9A6F28EE3427}.Release|Any CPU.ActiveCfg = Release|Any CPU
		{EB444467-C4C7-4213-B3D3-9A6F28EE3427}.Release|Any CPU.Build.0 = Release|Any CPU
		{974E55AB-E034-416D-B8D5-F84373DDC013}.Debug|Any CPU.ActiveCfg = Debug|Any CPU
		{974E55AB-E034-416D-B8D5-F84373DDC013}.Debug|Any CPU.Build.0 = Debug|Any CPU
		{974E55AB-E034-416D-B8D5-F84373DDC013}.Release|Any CPU.ActiveCfg = Release|Any CPU
		{974E55AB-E034-416D-B8D5-F84373DDC013}.Release|Any CPU.Build.0 = Release|Any CPU
		{9AF6EC05-A326-4C98-9F3B-54CE6BDD9E0D}.Debug|Any CPU.ActiveCfg = Debug|Any CPU
		{9AF6EC05-A326-4C98-9F3B-54CE6BDD9E0D}.Debug|Any CPU.Build.0 = Debug|Any CPU
		{9AF6EC05-A326-4C98-9F3B-54CE6BDD9E0D}.Release|Any CPU.ActiveCfg = Release|Any CPU
		{9AF6EC05-A326-4C98-9F3B-54CE6BDD9E0D}.Release|Any CPU.Build.0 = Release|Any CPU
	EndGlobalSection
	GlobalSection(SolutionProperties) = preSolution
		HideSolutionNode = FALSE
	EndGlobalSection
	GlobalSection(ExtensibilityGlobals) = postSolution
		SolutionGuid = {751A75DA-6185-47AA-BBD8-A630420D0659}
	EndGlobalSection
EndGlobal
