
Microsoft Visual Studio Solution File, Format Version 12.00
# Visual Studio Version 16
VisualStudioVersion = 16.0.28729.10
MinimumVisualStudioVersion = 10.0.40219.1
Project("{FAE04EC0-301F-11D3-BF4B-00C04F79EFBC}") = "SCore.WebAPI", "SCore.WebAPI\SCore.WebAPI.csproj", "{D3EEF2AF-0AD6-4D7C-9350-C99FF66742A0}"
	ProjectSection(ProjectDependencies) = postProject
		{1048BC1F-952C-47B3-9918-BA15DFD4D3B7} = {1048BC1F-952C-47B3-9918-BA15DFD4D3B7}
		{892B1A66-546B-4ACF-BECA-FC3E7BC26636} = {892B1A66-546B-4ACF-BECA-FC3E7BC26636}
		{DCEA54B3-2E40-4179-B279-323C59F38DFE} = {DCEA54B3-2E40-4179-B279-323C59F38DFE}
	EndProjectSection
EndProject
Project("{9A19103F-16F7-4668-BE54-9A1E7A4F7556}") = "SCore.BLL", "..\SCore\SCore.BLL\SCore.BLL.csproj", "{DCEA54B3-2E40-4179-B279-323C59F38DFE}"
EndProject
Project("{9A19103F-16F7-4668-BE54-9A1E7A4F7556}") = "SCore.DAL", "..\SCore\SCore.DAL\SCore.DAL.csproj", "{1048BC1F-952C-47B3-9918-BA15DFD4D3B7}"
EndProject
Project("{9A19103F-16F7-4668-BE54-9A1E7A4F7556}") = "SCore.Models", "..\SCore\SCore.Models\SCore.Models.csproj", "{892B1A66-546B-4ACF-BECA-FC3E7BC26636}"
EndProject
Global
	GlobalSection(SolutionConfigurationPlatforms) = preSolution
		Debug|Any CPU = Debug|Any CPU
		Release|Any CPU = Release|Any CPU
	EndGlobalSection
	GlobalSection(ProjectConfigurationPlatforms) = postSolution
		{D3EEF2AF-0AD6-4D7C-9350-C99FF66742A0}.Debug|Any CPU.ActiveCfg = Debug|Any CPU
		{D3EEF2AF-0AD6-4D7C-9350-C99FF66742A0}.Debug|Any CPU.Build.0 = Debug|Any CPU
		{D3EEF2AF-0AD6-4D7C-9350-C99FF66742A0}.Release|Any CPU.ActiveCfg = Release|Any CPU
		{D3EEF2AF-0AD6-4D7C-9350-C99FF66742A0}.Release|Any CPU.Build.0 = Release|Any CPU
		{DCEA54B3-2E40-4179-B279-323C59F38DFE}.Debug|Any CPU.ActiveCfg = Debug|Any CPU
		{DCEA54B3-2E40-4179-B279-323C59F38DFE}.Debug|Any CPU.Build.0 = Debug|Any CPU
		{DCEA54B3-2E40-4179-B279-323C59F38DFE}.Release|Any CPU.ActiveCfg = Release|Any CPU
		{DCEA54B3-2E40-4179-B279-323C59F38DFE}.Release|Any CPU.Build.0 = Release|Any CPU
		{1048BC1F-952C-47B3-9918-BA15DFD4D3B7}.Debug|Any CPU.ActiveCfg = Debug|Any CPU
		{1048BC1F-952C-47B3-9918-BA15DFD4D3B7}.Debug|Any CPU.Build.0 = Debug|Any CPU
		{1048BC1F-952C-47B3-9918-BA15DFD4D3B7}.Release|Any CPU.ActiveCfg = Release|Any CPU
		{1048BC1F-952C-47B3-9918-BA15DFD4D3B7}.Release|Any CPU.Build.0 = Release|Any CPU
		{892B1A66-546B-4ACF-BECA-FC3E7BC26636}.Debug|Any CPU.ActiveCfg = Debug|Any CPU
		{892B1A66-546B-4ACF-BECA-FC3E7BC26636}.Debug|Any CPU.Build.0 = Debug|Any CPU
		{892B1A66-546B-4ACF-BECA-FC3E7BC26636}.Release|Any CPU.ActiveCfg = Release|Any CPU
		{892B1A66-546B-4ACF-BECA-FC3E7BC26636}.Release|Any CPU.Build.0 = Release|Any CPU
	EndGlobalSection
	GlobalSection(SolutionProperties) = preSolution
		HideSolutionNode = FALSE
	EndGlobalSection
	GlobalSection(ExtensibilityGlobals) = postSolution
		SolutionGuid = {751A75DA-6185-47AA-BBD8-A630420D0659}
	EndGlobalSection
EndGlobal
